{
  "originHash" : "c626a0eacea24c70922ad419b07dc68e576600d5ef9b639a240baf27dac2020c",
  "pins" : [
    {
      "identity" : "clevertap-ios-sdk",
      "kind" : "remoteSourceControl",
      "location" : "https://github.com/CleverTap/clevertap-ios-sdk.git",
      "state" : {
        "revision" : "634f57cc0e8a9531757f89a6507e8dd83130e111",
        "version" : "7.8.1"
      }
    },
    {
      "identity" : "rudder-sdk-swift",
      "kind" : "remoteSourceControl",
      "location" : "https://github.com/rudderlabs/rudder-sdk-swift.git",
      "state" : {
        "revision" : "bd6c4c6392cdca49b337484ba26b21a4508aff94",
        "version" : "1.3.1"
      }
    }
  ],
  "version" : 3
}
